
Microsoft Visual Studio Solution File, Format Version 12.00
# Visual Studio Version 17
VisualStudioVersion = 17.4.33205.214
MinimumVisualStudioVersion = 10.0.40219.1
Project("{9A19103F-16F7-4668-BE54-9A1E7A4F7556}") = "deeprockitems", "C:/Users/scott\Documents\My Games\Terraria\tModLoader\ModSources\deeprockitems\deeprockitems.csproj", "{14485B9B-495A-45D5-B1BA-8DD5D11C818B}"
EndProject
Global
	GlobalSection(SolutionConfigurationPlatforms) = preSolution
		Debug|Any CPU = Debug|Any CPU
		Release|Any CPU = Release|Any CPU
	EndGlobalSection
	GlobalSection(ProjectConfigurationPlatforms) = postSolution
		{14485B9B-495A-45D5-B1BA-8DD5D11C818B}.Debug|Any CPU.ActiveCfg = Debug|Any CPU
		{14485B9B-495A-45D5-B1BA-8DD5D11C818B}.Debug|Any CPU.Build.0 = Debug|Any CPU
		{14485B9B-495A-45D5-B1BA-8DD5D11C818B}.Release|Any CPU.ActiveCfg = Release|Any CPU
		{14485B9B-495A-45D5-B1BA-8DD5D11C818B}.Release|Any CPU.Build.0 = Release|Any CPU
	EndGlobalSection
	GlobalSection(SolutionProperties) = preSolution
		HideSolutionNode = FALSE
	EndGlobalSection
	GlobalSection(ExtensibilityGlobals) = postSolution
		SolutionGuid = {7449DC21-3381-4E2B-8743-430E771C2C92}
	EndGlobalSection
EndGlobal
